// !$*UTF8*$!
{
	archiveVersion = 1;
	classes = {
	};
	objectVersion = 50;
	objects = {

/* Begin PBXBuildFile section */
		FC647FC3256523B6008ADFEB /* JJTAF.h in Headers */ = {isa = PBXBuildFile; fileRef = FC647FC1256523B6008ADFEB /* JJTAF.h */; settings = {ATTRIBUTES = (Public, ); }; };
		FC647FDD256524A3008ADFEB /* FMDatabase.m in Sources */ = {isa = PBXBuildFile; fileRef = FC647FD2256524A1008ADFEB /* FMDatabase.m */; };
		FC647FDE256524A3008ADFEB /* FMDatabaseQueue.h in Headers */ = {isa = PBXBuildFile; fileRef = FC647FD3256524A1008ADFEB /* FMDatabaseQueue.h */; };
		FC647FDF256524A3008ADFEB /* FMDatabaseQueue.m in Sources */ = {isa = PBXBuildFile; fileRef = FC647FD4256524A1008ADFEB /* FMDatabaseQueue.m */; };
		FC647FE0256524A3008ADFEB /* FMDatabaseAdditions.m in Sources */ = {isa = PBXBuildFile; fileRef = FC647FD5256524A2008ADFEB /* FMDatabaseAdditions.m */; };
		FC647FE1256524A3008ADFEB /* FMDB.h in Headers */ = {isa = PBXBuildFile; fileRef = FC647FD6256524A2008ADFEB /* FMDB.h */; };
		FC647FE2256524A3008ADFEB /* FMResultSet.h in Headers */ = {isa = PBXBuildFile; fileRef = FC647FD7256524A2008ADFEB /* FMResultSet.h */; };
		FC647FE3256524A3008ADFEB /* FMResultSet.m in Sources */ = {isa = PBXBuildFile; fileRef = FC647FD8256524A2008ADFEB /* FMResultSet.m */; };
		FC647FE4256524A3008ADFEB /* FMDatabase.h in Headers */ = {isa = PBXBuildFile; fileRef = FC647FD9256524A2008ADFEB /* FMDatabase.h */; };
		FC647FE5256524A3008ADFEB /* FMDatabasePool.m in Sources */ = {isa = PBXBuildFile; fileRef = FC647FDA256524A2008ADFEB /* FMDatabasePool.m */; };
		FC647FE6256524A3008ADFEB /* FMDatabasePool.h in Headers */ = {isa = PBXBuildFile; fileRef = FC647FDB256524A2008ADFEB /* FMDatabasePool.h */; };
		FC647FE7256524A3008ADFEB /* FMDatabaseAdditions.h in Headers */ = {isa = PBXBuildFile; fileRef = FC647FDC256524A3008ADFEB /* FMDatabaseAdditions.h */; };
		FC647FF0256525A6008ADFEB /* JJTAFFMDBHelper.h in Headers */ = {isa = PBXBuildFile; fileRef = FC647FEE256525A6008ADFEB /* JJTAFFMDBHelper.h */; };
		FC647FF1256525A6008ADFEB /* JJTAFFMDBHelper.m in Sources */ = {isa = PBXBuildFile; fileRef = FC647FEF256525A6008ADFEB /* JJTAFFMDBHelper.m */; };
/* End PBXBuildFile section */

/* Begin PBXFileReference section */
		FC647FBE256523B6008ADFEB /* JJTAF.framework */ = {isa = PBXFileReference; explicitFileType = wrapper.framework; includeInIndex = 0; path = JJTAF.framework; sourceTree = BUILT_PRODUCTS_DIR; };
		FC647FC1256523B6008ADFEB /* JJTAF.h */ = {isa = PBXFileReference; lastKnownFileType = sourcecode.c.h; path = JJTAF.h; sourceTree = "<group>"; };
		FC647FC2256523B6008ADFEB /* Info.plist */ = {isa = PBXFileReference; lastKnownFileType = text.plist.xml; path = Info.plist; sourceTree = "<group>"; };
		FC647FD2256524A1008ADFEB /* FMDatabase.m */ = {isa = PBXFileReference; fileEncoding = 4; lastKnownFileType = sourcecode.c.objc; path = FMDatabase.m; sourceTree = "<group>"; };
		FC647FD3256524A1008ADFEB /* FMDatabaseQueue.h */ = {isa = PBXFileReference; fileEncoding = 4; lastKnownFileType = sourcecode.c.h; path = FMDatabaseQueue.h; sourceTree = "<group>"; };
		FC647FD4256524A1008ADFEB /* FMDatabaseQueue.m */ = {isa = PBXFileReference; fileEncoding = 4; lastKnownFileType = sourcecode.c.objc; path = FMDatabaseQueue.m; sourceTree = "<group>"; };
		FC647FD5256524A2008ADFEB /* FMDatabaseAdditions.m */ = {isa = PBXFileReference; fileEncoding = 4; lastKnownFileType = sourcecode.c.objc; path = FMDatabaseAdditions.m; sourceTree = "<group>"; };
		FC647FD6256524A2008ADFEB /* FMDB.h */ = {isa = PBXFileReference; fileEncoding = 4; lastKnownFileType = sourcecode.c.h; path = FMDB.h; sourceTree = "<group>"; };
		FC647FD7256524A2008ADFEB /* FMResultSet.h */ = {isa = PBXFileReference; fileEncoding = 4; lastKnownFileType = sourcecode.c.h; path = FMResultSet.h; sourceTree = "<group>"; };
		FC647FD8256524A2008ADFEB /* FMResultSet.m */ = {isa = PBXFileReference; fileEncoding = 4; lastKnownFileType = sourcecode.c.objc; path = FMResultSet.m; sourceTree = "<group>"; };
		FC647FD9256524A2008ADFEB /* FMDatabase.h */ = {isa = PBXFileReference; fileEncoding = 4; lastKnownFileType = sourcecode.c.h; path = FMDatabase.h; sourceTree = "<group>"; };
		FC647FDA256524A2008ADFEB /* FMDatabasePool.m */ = {isa = PBXFileReference; fileEncoding = 4; lastKnownFileType = sourcecode.c.objc; path = FMDatabasePool.m; sourceTree = "<group>"; };
		FC647FDB256524A2008ADFEB /* FMDatabasePool.h */ = {isa = PBXFileReference; fileEncoding = 4; lastKnownFileType = sourcecode.c.h; path = FMDatabasePool.h; sourceTree = "<group>"; };
		FC647FDC256524A3008ADFEB /* FMDatabaseAdditions.h */ = {isa = PBXFileReference; fileEncoding = 4; lastKnownFileType = sourcecode.c.h; path = FMDatabaseAdditions.h; sourceTree = "<group>"; };
		FC647FEE256525A6008ADFEB /* JJTAFFMDBHelper.h */ = {isa = PBXFileReference; lastKnownFileType = sourcecode.c.h; path = JJTAFFMDBHelper.h; sourceTree = "<group>"; };
		FC647FEF256525A6008ADFEB /* JJTAFFMDBHelper.m */ = {isa = PBXFileReference; lastKnownFileType = sourcecode.c.objc; path = JJTAFFMDBHelper.m; sourceTree = "<group>"; };
/* End PBXFileReference section */

/* Begin PBXFrameworksBuildPhase section */
		FC647FBB256523B6008ADFEB /* Frameworks */ = {
			isa = PBXFrameworksBuildPhase;
			buildActionMask = 2147483647;
			files = (
			);
			runOnlyForDeploymentPostprocessing = 0;
		};
/* End PBXFrameworksBuildPhase section */

/* Begin PBXGroup section */
		FC647FB4256523B6008ADFEB = {
			isa = PBXGroup;
			children = (
				FC647FC0256523B6008ADFEB /* JJTAF */,
				FC647FBF256523B6008ADFEB /* Products */,
			);
			sourceTree = "<group>";
		};
		FC647FBF256523B6008ADFEB /* Products */ = {
			isa = PBXGroup;
			children = (
				FC647FBE256523B6008ADFEB /* JJTAF.framework */,
			);
			name = Products;
			sourceTree = "<group>";
		};
		FC647FC0256523B6008ADFEB /* JJTAF */ = {
			isa = PBXGroup;
			children = (
				FC647FED2565256B008ADFEB /* TAF */,
				FC647FCE25652408008ADFEB /* Thrid */,
				FC647FC1256523B6008ADFEB /* JJTAF.h */,
				FC647FC2256523B6008ADFEB /* Info.plist */,
			);
			path = JJTAF;
			sourceTree = "<group>";
		};
		FC647FCE25652408008ADFEB /* Thrid */ = {
			isa = PBXGroup;
			children = (
				FC647FCF25652415008ADFEB /* FMDB */,
			);
			path = Thrid;
			sourceTree = "<group>";
		};
		FC647FCF25652415008ADFEB /* FMDB */ = {
			isa = PBXGroup;
			children = (
				FC647FD6256524A2008ADFEB /* FMDB.h */,
				FC647FD9256524A2008ADFEB /* FMDatabase.h */,
				FC647FD2256524A1008ADFEB /* FMDatabase.m */,
				FC647FDC256524A3008ADFEB /* FMDatabaseAdditions.h */,
				FC647FD5256524A2008ADFEB /* FMDatabaseAdditions.m */,
				FC647FDB256524A2008ADFEB /* FMDatabasePool.h */,
				FC647FDA256524A2008ADFEB /* FMDatabasePool.m */,
				FC647FD3256524A1008ADFEB /* FMDatabaseQueue.h */,
				FC647FD4256524A1008ADFEB /* FMDatabaseQueue.m */,
				FC647FD7256524A2008ADFEB /* FMResultSet.h */,
				FC647FD8256524A2008ADFEB /* FMResultSet.m */,
			);
			path = FMDB;
			sourceTree = "<group>";
		};
		FC647FED2565256B008ADFEB /* TAF */ = {
			isa = PBXGroup;
			children = (
				FC647FEE256525A6008ADFEB /* JJTAFFMDBHelper.h */,
				FC647FEF256525A6008ADFEB /* JJTAFFMDBHelper.m */,
			);
			path = TAF;
			sourceTree = "<group>";
		};
/* End PBXGroup section */

/* Begin PBXHeadersBuildPhase section */
		FC647FB9256523B6008ADFEB /* Headers */ = {
			isa = PBXHeadersBuildPhase;
			buildActionMask = 2147483647;
			files = (
				FC647FE6256524A3008ADFEB /* FMDatabasePool.h in Headers */,
				FC647FE1256524A3008ADFEB /* FMDB.h in Headers */,
				FC647FE7256524A3008ADFEB /* FMDatabaseAdditions.h in Headers */,
				FC647FE2256524A3008ADFEB /* FMResultSet.h in Headers */,
				FC647FDE256524A3008ADFEB /* FMDatabaseQueue.h in Headers */,
				FC647FE4256524A3008ADFEB /* FMDatabase.h in Headers */,
				FC647FC3256523B6008ADFEB /* JJTAF.h in Headers */,
				FC647FF0256525A6008ADFEB /* JJTAFFMDBHelper.h in Headers */,
			);
			runOnlyForDeploymentPostprocessing = 0;
		};
/* End PBXHeadersBuildPhase section */

/* Begin PBXNativeTarget section */
		FC647FBD256523B6008ADFEB /* JJTAF */ = {
			isa = PBXNativeTarget;
			buildConfigurationList = FC647FC6256523B6008ADFEB /* Build configuration list for PBXNativeTarget "JJTAF" */;
			buildPhases = (
				FC647FB9256523B6008ADFEB /* Headers */,
				FC647FBA256523B6008ADFEB /* Sources */,
				FC647FBB256523B6008ADFEB /* Frameworks */,
				FC647FBC256523B6008ADFEB /* Resources */,
			);
			buildRules = (
			);
			dependencies = (
			);
			name = JJTAF;
			productName = JJTAF;
			productReference = FC647FBE256523B6008ADFEB /* JJTAF.framework */;
			productType = "com.apple.product-type.framework";
		};
/* End PBXNativeTarget section */

/* Begin PBXProject section */
		FC647FB5256523B6008ADFEB /* Project object */ = {
			isa = PBXProject;
			attributes = {
				LastUpgradeCheck = 1200;
				TargetAttributes = {
					FC647FBD256523B6008ADFEB = {
						CreatedOnToolsVersion = 12.0.1;
					};
				};
			};
			buildConfigurationList = FC647FB8256523B6008ADFEB /* Build configuration list for PBXProject "JJTAF" */;
			compatibilityVersion = "Xcode 9.3";
			developmentRegion = en;
			hasScannedForEncodings = 0;
			knownRegions = (
				en,
				Base,
			);
			mainGroup = FC647FB4256523B6008ADFEB;
			productRefGroup = FC647FBF256523B6008ADFEB /* Products */;
			projectDirPath = "";
			projectRoot = "";
			targets = (
				FC647FBD256523B6008ADFEB /* JJTAF */,
			);
		};
/* End PBXProject section */

/* Begin PBXResourcesBuildPhase section */
		FC647FBC256523B6008ADFEB /* Resources */ = {
			isa = PBXResourcesBuildPhase;
			buildActionMask = 2147483647;
			files = (
			);
			runOnlyForDeploymentPostprocessing = 0;
		};
/* End PBXResourcesBuildPhase section */

/* Begin PBXSourcesBuildPhase section */
		FC647FBA256523B6008ADFEB /* Sources */ = {
			isa = PBXSourcesBuildPhase;
			buildActionMask = 2147483647;
			files = (
				FC647FDD256524A3008ADFEB /* FMDatabase.m in Sources */,
				FC647FDF256524A3008ADFEB /* FMDatabaseQueue.m in Sources */,
				FC647FE5256524A3008ADFEB /* FMDatabasePool.m in Sources */,
				FC647FE3256524A3008ADFEB /* FMResultSet.m in Sources */,
				FC647FF1256525A6008ADFEB /* JJTAFFMDBHelper.m in Sources */,
				FC647FE0256524A3008ADFEB /* FMDatabaseAdditions.m in Sources */,
			);
			runOnlyForDeploymentPostprocessing = 0;
		};
/* End PBXSourcesBuildPhase section */

/* Begin XCBuildConfiguration section */
		FC647FC4256523B6008ADFEB /* Debug */ = {
			isa = XCBuildConfiguration;
			buildSettings = {
				ALWAYS_SEARCH_USER_PATHS = NO;
				CLANG_ANALYZER_NONNULL = YES;
				CLANG_ANALYZER_NUMBER_OBJECT_CONVERSION = YES_AGGRESSIVE;
				CLANG_CXX_LANGUAGE_STANDARD = "gnu++14";
				CLANG_CXX_LIBRARY = "libc++";
				CLANG_ENABLE_MODULES = YES;
				CLANG_ENABLE_OBJC_ARC = YES;
				CLANG_ENABLE_OBJC_WEAK = YES;
				CLANG_WARN_BLOCK_CAPTURE_AUTORELEASING = YES;
				CLANG_WARN_BOOL_CONVERSION = YES;
				CLANG_WARN_COMMA = YES;
				CLANG_WARN_CONSTANT_CONVERSION = YES;
				CLANG_WARN_DEPRECATED_OBJC_IMPLEMENTATIONS = YES;
				CLANG_WARN_DIRECT_OBJC_ISA_USAGE = YES_ERROR;
				CLANG_WARN_DOCUMENTATION_COMMENTS = YES;
				CLANG_WARN_EMPTY_BODY = YES;
				CLANG_WARN_ENUM_CONVERSION = YES;
				CLANG_WARN_INFINITE_RECURSION = YES;
				CLANG_WARN_INT_CONVERSION = YES;
				CLANG_WARN_NON_LITERAL_NULL_CONVERSION = YES;
				CLANG_WARN_OBJC_IMPLICIT_RETAIN_SELF = YES;
				CLANG_WARN_OBJC_LITERAL_CONVERSION = YES;
				CLANG_WARN_OBJC_ROOT_CLASS = YES_ERROR;
				CLANG_WARN_QUOTED_INCLUDE_IN_FRAMEWORK_HEADER = YES;
				CLANG_WARN_RANGE_LOOP_ANALYSIS = YES;
				CLANG_WARN_STRICT_PROTOTYPES = YES;
				CLANG_WARN_SUSPICIOUS_MOVE = YES;
				CLANG_WARN_UNGUARDED_AVAILABILITY = YES_AGGRESSIVE;
				CLANG_WARN_UNREACHABLE_CODE = YES;
				CLANG_WARN__DUPLICATE_METHOD_MATCH = YES;
				COPY_PHASE_STRIP = NO;
				CURRENT_PROJECT_VERSION = 1;
				DEBUG_INFORMATION_FORMAT = dwarf;
				ENABLE_STRICT_OBJC_MSGSEND = YES;
				ENABLE_TESTABILITY = YES;
				GCC_C_LANGUAGE_STANDARD = gnu11;
				GCC_DYNAMIC_NO_PIC = NO;
				GCC_NO_COMMON_BLOCKS = YES;
				GCC_OPTIMIZATION_LEVEL = 0;
				GCC_PREPROCESSOR_DEFINITIONS = (
					"DEBUG=1",
					"$(inherited)",
				);
				GCC_WARN_64_TO_32_BIT_CONVERSION = YES;
				GCC_WARN_ABOUT_RETURN_TYPE = YES_ERROR;
				GCC_WARN_UNDECLARED_SELECTOR = YES;
				GCC_WARN_UNINITIALIZED_AUTOS = YES_AGGRESSIVE;
				GCC_WARN_UNUSED_FUNCTION = YES;
				GCC_WARN_UNUSED_VARIABLE = YES;
				IPHONEOS_DEPLOYMENT_TARGET = 9.0;
				MTL_ENABLE_DEBUG_INFO = INCLUDE_SOURCE;
				MTL_FAST_MATH = YES;
				ONLY_ACTIVE_ARCH = YES;
				SDKROOT = iphoneos;
				VERSIONING_SYSTEM = "apple-generic";
				VERSION_INFO_PREFIX = "";
			};
			name = Debug;
		};
		FC647FC5256523B6008ADFEB /* Release */ = {
			isa = XCBuildConfiguration;
			buildSettings = {
				ALWAYS_SEARCH_USER_PATHS = NO;
				CLANG_ANALYZER_NONNULL = YES;
				CLANG_ANALYZER_NUMBER_OBJECT_CONVERSION = YES_AGGRESSIVE;
				CLANG_CXX_LANGUAGE_STANDARD = "gnu++14";
				CLANG_CXX_LIBRARY = "libc++";
				CLANG_ENABLE_MODULES = YES;
				CLANG_ENABLE_OBJC_ARC = YES;
				CLANG_ENABLE_OBJC_WEAK = YES;
				CLANG_WARN_BLOCK_CAPTURE_AUTORELEASING = YES;
				CLANG_WARN_BOOL_CONVERSION = YES;
				CLANG_WARN_COMMA = YES;
				CLANG_WARN_CONSTANT_CONVERSION = YES;
				CLANG_WARN_DEPRECATED_OBJC_IMPLEMENTATIONS = YES;
				CLANG_WARN_DIRECT_OBJC_ISA_USAGE = YES_ERROR;
				CLANG_WARN_DOCUMENTATION_COMMENTS = YES;
				CLANG_WARN_EMPTY_BODY = YES;
				CLANG_WARN_ENUM_CONVERSION = YES;
				CLANG_WARN_INFINITE_RECURSION = YES;
				CLANG_WARN_INT_CONVERSION = YES;
				CLANG_WARN_NON_LITERAL_NULL_CONVERSION = YES;
				CLANG_WARN_OBJC_IMPLICIT_RETAIN_SELF = YES;
				CLANG_WARN_OBJC_LITERAL_CONVERSION = YES;
				CLANG_WARN_OBJC_ROOT_CLASS = YES_ERROR;
				CLANG_WARN_QUOTED_INCLUDE_IN_FRAMEWORK_HEADER = YES;
				CLANG_WARN_RANGE_LOOP_ANALYSIS = YES;
				CLANG_WARN_STRICT_PROTOTYPES = YES;
				CLANG_WARN_SUSPICIOUS_MOVE = YES;
				CLANG_WARN_UNGUARDED_AVAILABILITY = YES_AGGRESSIVE;
				CLANG_WARN_UNREACHABLE_CODE = YES;
				CLANG_WARN__DUPLICATE_METHOD_MATCH = YES;
				COPY_PHASE_STRIP = NO;
				CURRENT_PROJECT_VERSION = 1;
				DEBUG_INFORMATION_FORMAT = "dwarf-with-dsym";
				ENABLE_NS_ASSERTIONS = NO;
				ENABLE_STRICT_OBJC_MSGSEND = YES;
				GCC_C_LANGUAGE_STANDARD = gnu11;
				GCC_NO_COMMON_BLOCKS = YES;
				GCC_WARN_64_TO_32_BIT_CONVERSION = YES;
				GCC_WARN_ABOUT_RETURN_TYPE = YES_ERROR;
				GCC_WARN_UNDECLARED_SELECTOR = YES;
				GCC_WARN_UNINITIALIZED_AUTOS = YES_AGGRESSIVE;
				GCC_WARN_UNUSED_FUNCTION = YES;
				GCC_WARN_UNUSED_VARIABLE = YES;
				IPHONEOS_DEPLOYMENT_TARGET = 9.0;
				MTL_ENABLE_DEBUG_INFO = NO;
				MTL_FAST_MATH = YES;
				SDKROOT = iphoneos;
				VALIDATE_PRODUCT = YES;
				VERSIONING_SYSTEM = "apple-generic";
				VERSION_INFO_PREFIX = "";
			};
			name = Release;
		};
		FC647FC7256523B6008ADFEB /* Debug */ = {
			isa = XCBuildConfiguration;
			buildSettings = {
				CODE_SIGN_STYLE = Automatic;
				DEFINES_MODULE = YES;
				DEVELOPMENT_TEAM = W24A4Z79ML;
				DYLIB_COMPATIBILITY_VERSION = 1;
				DYLIB_CURRENT_VERSION = 1;
				DYLIB_INSTALL_NAME_BASE = "@rpath";
				ENABLE_BITCODE = NO;
				INFOPLIST_FILE = JJTAF/Info.plist;
				INSTALL_PATH = "$(LOCAL_LIBRARY_DIR)/Frameworks";
				LD_RUNPATH_SEARCH_PATHS = (
					"$(inherited)",
					"@executable_path/Frameworks",
					"@loader_path/Frameworks",
				);
				MACH_O_TYPE = staticlib;
				PRODUCT_BUNDLE_IDENTIFIER = com.xiedong.JJTAF;
				PRODUCT_NAME = "$(TARGET_NAME:c99extidentifier)";
				SKIP_INSTALL = YES;
				SUPPORTS_MACCATALYST = NO;
				TARGETED_DEVICE_FAMILY = "1,2";
			};
			name = Debug;
		};
		FC647FC8256523B6008ADFEB /* Release */ = {
			isa = XCBuildConfiguration;
			buildSettings = {
				CODE_SIGN_STYLE = Automatic;
				DEFINES_MODULE = YES;
				DEVELOPMENT_TEAM = W24A4Z79ML;
				DYLIB_COMPATIBILITY_VERSION = 1;
				DYLIB_CURRENT_VERSION = 1;
				DYLIB_INSTALL_NAME_BASE = "@rpath";
				ENABLE_BITCODE = NO;
				"EXCLUDED_ARCHS[sdk=iphonesimulator*]" = arm64;
				INFOPLIST_FILE = JJTAF/Info.plist;
				INSTALL_PATH = "$(LOCAL_LIBRARY_DIR)/Frameworks";
				LD_RUNPATH_SEARCH_PATHS = (
					"$(inherited)",
					"@executable_path/Frameworks",
					"@loader_path/Frameworks",
				);
				MACH_O_TYPE = staticlib;
				PRODUCT_BUNDLE_IDENTIFIER = com.xiedong.JJTAF;
				PRODUCT_NAME = "$(TARGET_NAME:c99extidentifier)";
				SKIP_INSTALL = YES;
				SUPPORTS_MACCATALYST = NO;
				TARGETED_DEVICE_FAMILY = "1,2";
			};
			name = Release;
		};
/* End XCBuildConfiguration section */

/* Begin XCConfigurationList section */
		FC647FB8256523B6008ADFEB /* Build configuration list for PBXProject "JJTAF" */ = {
			isa = XCConfigurationList;
			buildConfigurations = (
				FC647FC4256523B6008ADFEB /* Debug */,
				FC647FC5256523B6008ADFEB /* Release */,
			);
			defaultConfigurationIsVisible = 0;
			defaultConfigurationName = Release;
		};
		FC647FC6256523B6008ADFEB /* Build configuration list for PBXNativeTarget "JJTAF" */ = {
			isa = XCConfigurationList;
			buildConfigurations = (
				FC647FC7256523B6008ADFEB /* Debug */,
				FC647FC8256523B6008ADFEB /* Release */,
			);
			defaultConfigurationIsVisible = 0;
			defaultConfigurationName = Release;
		};
/* End XCConfigurationList section */
	};
	rootObject = FC647FB5256523B6008ADFEB /* Project object */;
}
